// !$*UTF8*$!
{
	archiveVersion = 1;
	classes = {
	};
	objectVersion = 52;
	objects = {

/* Begin PBXBuildFile section */
		122153FAF1D67234253098C5 /* Pods_Course3FinalTask.framework in Frameworks */ = {isa = PBXBuildFile; fileRef = 93C59B665E88D6DC1F116179 /* Pods_Course3FinalTask.framework */; };
		74B79258202B3254006BCB41 /* AppDelegate.swift in Sources */ = {isa = PBXBuildFile; fileRef = 74B79257202B3254006BCB41 /* AppDelegate.swift */; };
		74B7925F202B3254006BCB41 /* IconAssets.xcassets in Resources */ = {isa = PBXBuildFile; fileRef = 74B7925E202B3254006BCB41 /* IconAssets.xcassets */; };
		A228127125278E34005C3642 /* NewPostCollectionViewCell.swift in Sources */ = {isa = PBXBuildFile; fileRef = A228126F25278E34005C3642 /* NewPostCollectionViewCell.swift */; };
		A228127225278E34005C3642 /* NewPostCollectionViewCell.xib in Resources */ = {isa = PBXBuildFile; fileRef = A228127025278E34005C3642 /* NewPostCollectionViewCell.xib */; };
		A228127425279BF3005C3642 /* PhotoService.swift in Sources */ = {isa = PBXBuildFile; fileRef = A228127325279BF3005C3642 /* PhotoService.swift */; };
		A2385A2524BDA54600936B61 /* Authorization.swift in Sources */ = {isa = PBXBuildFile; fileRef = A2385A2424BDA54600936B61 /* Authorization.swift */; };
		A2385A2724BDA76F00936B61 /* UserIDRequest.swift in Sources */ = {isa = PBXBuildFile; fileRef = A2385A2624BDA76F00936B61 /* UserIDRequest.swift */; };
		A2385A2924BDAA7A00936B61 /* PostIDRequest.swift in Sources */ = {isa = PBXBuildFile; fileRef = A2385A2824BDAA7A00936B61 /* PostIDRequest.swift */; };
		A2385A2B24BDAB2300936B61 /* NewPostRequest.swift in Sources */ = {isa = PBXBuildFile; fileRef = A2385A2A24BDAB2300936B61 /* NewPostRequest.swift */; };
		A23BC8AA2419054400640E54 /* Fonts.swift in Sources */ = {isa = PBXBuildFile; fileRef = A23BC8A92419054400640E54 /* Fonts.swift */; };
		A248FD6A24AF00F7002E24C9 /* User.swift in Sources */ = {isa = PBXBuildFile; fileRef = A248FD6924AF00F7002E24C9 /* User.swift */; };
		A248FD6C24AF0103002E24C9 /* Post.swift in Sources */ = {isa = PBXBuildFile; fileRef = A248FD6B24AF0103002E24C9 /* Post.swift */; };
		A24F2ED6252DDACC00E09554 /* NetworkService.swift in Sources */ = {isa = PBXBuildFile; fileRef = A24F2ED5252DDACC00E09554 /* NetworkService.swift */; };
		A24F2ED8252DDB2C00E09554 /* URLComponentsService.swift in Sources */ = {isa = PBXBuildFile; fileRef = A24F2ED7252DDB2C00E09554 /* URLComponentsService.swift */; };
		A24F2EDA252DDC3A00E09554 /* URLService.swift in Sources */ = {isa = PBXBuildFile; fileRef = A24F2ED9252DDC3A00E09554 /* URLService.swift */; };
		A24F2EDC252DE0EC00E09554 /* DataTaskService.swift in Sources */ = {isa = PBXBuildFile; fileRef = A24F2EDB252DE0EC00E09554 /* DataTaskService.swift */; };
		A24F2EDE252DE3A000E09554 /* RequestServise.swift in Sources */ = {isa = PBXBuildFile; fileRef = A24F2EDD252DE3A000E09554 /* RequestServise.swift */; };
		A24F2EE0252DE70700E09554 /* CheckOnlineService.swift in Sources */ = {isa = PBXBuildFile; fileRef = A24F2EDF252DE70700E09554 /* CheckOnlineService.swift */; };
		A24F2EE2252DF49D00E09554 /* AuthorizationService.swift in Sources */ = {isa = PBXBuildFile; fileRef = A24F2EE1252DF49D00E09554 /* AuthorizationService.swift */; };
		A24F2EE4252DF96600E09554 /* GETService.swift in Sources */ = {isa = PBXBuildFile; fileRef = A24F2EE3252DF96600E09554 /* GETService.swift */; };
		A24F2EE6252DF9F900E09554 /* POSTService.swift in Sources */ = {isa = PBXBuildFile; fileRef = A24F2EE5252DF9F900E09554 /* POSTService.swift */; };
		A24F2EE8252E012C00E09554 /* CheckTokenService.swift in Sources */ = {isa = PBXBuildFile; fileRef = A24F2EE7252E012C00E09554 /* CheckTokenService.swift */; };
		A24F2EEA252E10C900E09554 /* Blocks.swift in Sources */ = {isa = PBXBuildFile; fileRef = A24F2EE9252E10C900E09554 /* Blocks.swift */; };
		A25685BD2433307400A09C0D /* ProfileViewController.swift in Sources */ = {isa = PBXBuildFile; fileRef = A2F7486724041F7700396045 /* ProfileViewController.swift */; };
		A25685BF24335B7F00A09C0D /* UserListViewController.swift in Sources */ = {isa = PBXBuildFile; fileRef = A27133AE2413B259007E13BC /* UserListViewController.swift */; };
		A25685C024335B9400A09C0D /* UserListTableViewCell.swift in Sources */ = {isa = PBXBuildFile; fileRef = A27133B32413B2B0007E13BC /* UserListTableViewCell.swift */; };
		A259FDF624B90D86001B8030 /* DateFormatter+Extension.swift in Sources */ = {isa = PBXBuildFile; fileRef = A259FDF524B90D86001B8030 /* DateFormatter+Extension.swift */; };
		A25E5462240C275200478BC5 /* ProfileHeaderCollectionReusableView.swift in Sources */ = {isa = PBXBuildFile; fileRef = A25E5460240C275200478BC5 /* ProfileHeaderCollectionReusableView.swift */; };
		A25E5463240C275200478BC5 /* ProfileHeaderCollectionReusableView.xib in Resources */ = {isa = PBXBuildFile; fileRef = A25E5461240C275200478BC5 /* ProfileHeaderCollectionReusableView.xib */; };
		A262D14A24AB85A200022684 /* RootViewController.swift in Sources */ = {isa = PBXBuildFile; fileRef = A262D14624AB85A200022684 /* RootViewController.swift */; };
		A262D14B24AB85A200022684 /* LoginScreenViewController.xib in Resources */ = {isa = PBXBuildFile; fileRef = A262D14824AB85A200022684 /* LoginScreenViewController.xib */; };
		A262D14C24AB85A200022684 /* LoginScreenViewController.swift in Sources */ = {isa = PBXBuildFile; fileRef = A262D14924AB85A200022684 /* LoginScreenViewController.swift */; };
		A26A16C724B2420A00A40273 /* Token.swift in Sources */ = {isa = PBXBuildFile; fileRef = A26A16C624B2420A00A40273 /* Token.swift */; };
		A26A16CC24B24C9F00A40273 /* Keychain.swift in Sources */ = {isa = PBXBuildFile; fileRef = A26A16CB24B24C9F00A40273 /* Keychain.swift */; };
		A26A16CE24B376AB00A40273 /* Alert.swift in Sources */ = {isa = PBXBuildFile; fileRef = A26A16CD24B376AB00A40273 /* Alert.swift */; };
		A26A16D024B3CB2F00A40273 /* BackendError.swift in Sources */ = {isa = PBXBuildFile; fileRef = A26A16CF24B3CB2F00A40273 /* BackendError.swift */; };
		A26A16D224B3CD0A00A40273 /* Paths.swift in Sources */ = {isa = PBXBuildFile; fileRef = A26A16D124B3CD0A00A40273 /* Paths.swift */; };
		A27133AC240FC416007E13BC /* Date+Extension.swift in Sources */ = {isa = PBXBuildFile; fileRef = A27133AB240FC416007E13BC /* Date+Extension.swift */; };
		A27133B12413B259007E13BC /* UserListViewController.xib in Resources */ = {isa = PBXBuildFile; fileRef = A27133AF2413B259007E13BC /* UserListViewController.xib */; };
		A27133B62413B2B0007E13BC /* UserListTableViewCell.xib in Resources */ = {isa = PBXBuildFile; fileRef = A27133B42413B2B0007E13BC /* UserListTableViewCell.xib */; };
		A27133B82413BB16007E13BC /* UITableView+Extension.swift in Sources */ = {isa = PBXBuildFile; fileRef = A27133B72413BB16007E13BC /* UITableView+Extension.swift */; };
		A277FCE524694DF3008E14E7 /* FiltersViewController.swift in Sources */ = {isa = PBXBuildFile; fileRef = A277FCE324694DF3008E14E7 /* FiltersViewController.swift */; };
		A277FCE624694DF3008E14E7 /* FiltersViewController.xib in Resources */ = {isa = PBXBuildFile; fileRef = A277FCE424694DF3008E14E7 /* FiltersViewController.xib */; };
		A277FCEA2469B7E4008E14E7 /* FiltersCollectionViewCell.swift in Sources */ = {isa = PBXBuildFile; fileRef = A277FCE82469B7E4008E14E7 /* FiltersCollectionViewCell.swift */; };
		A277FCEB2469B7E4008E14E7 /* FiltersCollectionViewCell.xib in Resources */ = {isa = PBXBuildFile; fileRef = A277FCE92469B7E4008E14E7 /* FiltersCollectionViewCell.xib */; };
		A277FCED246AE300008E14E7 /* Filters.swift in Sources */ = {isa = PBXBuildFile; fileRef = A277FCEC246AE300008E14E7 /* Filters.swift */; };
		A277FCEF246B068E008E14E7 /* UIImage+Extension.swift in Sources */ = {isa = PBXBuildFile; fileRef = A277FCEE246B068D008E14E7 /* UIImage+Extension.swift */; };
		A277FCF1246B0B68008E14E7 /* ImageFilterOperation.swift in Sources */ = {isa = PBXBuildFile; fileRef = A277FCF0246B0B68008E14E7 /* ImageFilterOperation.swift */; };
		A277FCF5246C1B57008E14E7 /* DescriptionScreenViewController.swift in Sources */ = {isa = PBXBuildFile; fileRef = A277FCF3246C1B57008E14E7 /* DescriptionScreenViewController.swift */; };
		A277FCF6246C1B57008E14E7 /* DescriptionScreenViewController.xib in Resources */ = {isa = PBXBuildFile; fileRef = A277FCF4246C1B57008E14E7 /* DescriptionScreenViewController.xib */; };
		A293F707240BB8EC003D5A96 /* UICollectionView+Extension.swift in Sources */ = {isa = PBXBuildFile; fileRef = A293F706240BB8EC003D5A96 /* UICollectionView+Extension.swift */; };
		A293F70C240BE7A8003D5A96 /* ProfileCollectionViewCell.swift in Sources */ = {isa = PBXBuildFile; fileRef = A293F70A240BE7A8003D5A96 /* ProfileCollectionViewCell.swift */; };
		A293F70D240BE7A8003D5A96 /* ProfileCollectionViewCell.xib in Resources */ = {isa = PBXBuildFile; fileRef = A293F70B240BE7A8003D5A96 /* ProfileCollectionViewCell.xib */; };
		A2A77EA0252FCAA600013E44 /* CoreDataService.swift in Sources */ = {isa = PBXBuildFile; fileRef = A2A77E9F252FCAA600013E44 /* CoreDataService.swift */; };
		A2A77EA6252FCBAB00013E44 /* PostOfflineService.swift in Sources */ = {isa = PBXBuildFile; fileRef = A2A77EA5252FCBAB00013E44 /* PostOfflineService.swift */; };
		A2A77EA8252FCC9500013E44 /* UserOfflineService.swift in Sources */ = {isa = PBXBuildFile; fileRef = A2A77EA7252FCC9500013E44 /* UserOfflineService.swift */; };
		A2A77EBE2530B91100013E44 /* Localizable.strings in Sources */ = {isa = PBXBuildFile; fileRef = A2A77EC02530B91100013E44 /* Localizable.strings */; };
		A2A77EC32530D2E600013E44 /* Strings.swift in Sources */ = {isa = PBXBuildFile; fileRef = A2A77EC22530D2E600013E44 /* Strings.swift */; };
		A2AB4FFF2465B74B007BB8F9 /* ActivityIndicator.swift in Sources */ = {isa = PBXBuildFile; fileRef = A2AB4FFE2465B74B007BB8F9 /* ActivityIndicator.swift */; };
		A2C014E42454F228001A4894 /* NewPostViewController.swift in Sources */ = {isa = PBXBuildFile; fileRef = A2C014E22454F228001A4894 /* NewPostViewController.swift */; };
		A2C014E52454F228001A4894 /* NewPostViewController.xib in Resources */ = {isa = PBXBuildFile; fileRef = A2C014E32454F228001A4894 /* NewPostViewController.xib */; };
		A2DF35EE2405C2C0008A9CD7 /* FeedCollectionViewCell.swift in Sources */ = {isa = PBXBuildFile; fileRef = A2DF35EC2405C2C0008A9CD7 /* FeedCollectionViewCell.swift */; };
		A2DF35EF2405C2C0008A9CD7 /* FeedCollectionViewCell.xib in Resources */ = {isa = PBXBuildFile; fileRef = A2DF35ED2405C2C0008A9CD7 /* FeedCollectionViewCell.xib */; };
		A2EA2D7225167BB80019190C /* DataBase.xcdatamodeld in Sources */ = {isa = PBXBuildFile; fileRef = A2EA2D7025167BB80019190C /* DataBase.xcdatamodeld */; };
		A2EA2D74251684800019190C /* CoreDataStack.swift in Sources */ = {isa = PBXBuildFile; fileRef = A2EA2D73251684800019190C /* CoreDataStack.swift */; };
		A2EA2D76251685CB0019190C /* Constants.swift in Sources */ = {isa = PBXBuildFile; fileRef = A2EA2D75251685CB0019190C /* Constants.swift */; };
		A2F351452520A6BC00B17CFF /* UIViewController+Extansion.swift in Sources */ = {isa = PBXBuildFile; fileRef = A2F351442520A6BC00B17CFF /* UIViewController+Extansion.swift */; };
		A2F7486124041B2500396045 /* .gitignore in Resources */ = {isa = PBXBuildFile; fileRef = A2F7486024041B2500396045 /* .gitignore */; };
		A2F7486524041F6200396045 /* FeedViewController.swift in Sources */ = {isa = PBXBuildFile; fileRef = A2F7486324041F6200396045 /* FeedViewController.swift */; };
		A2F7486624041F6200396045 /* FeedViewController.xib in Resources */ = {isa = PBXBuildFile; fileRef = A2F7486424041F6200396045 /* FeedViewController.xib */; };
		A2F7486A24041F7700396045 /* ProfileViewController.xib in Resources */ = {isa = PBXBuildFile; fileRef = A2F7486824041F7700396045 /* ProfileViewController.xib */; };
		A2F7486C240420CF00396045 /* Launch Screen.storyboard in Resources */ = {isa = PBXBuildFile; fileRef = A2F7486B240420CF00396045 /* Launch Screen.storyboard */; };
		A2FE06AE246FE0990051CC9E /* .swiftlint.yml in Resources */ = {isa = PBXBuildFile; fileRef = A2FE06AD246FE0990051CC9E /* .swiftlint.yml */; };
		A2FE06D72473076B0051CC9E /* swiftgen.yml in Resources */ = {isa = PBXBuildFile; fileRef = A2FE06D62473076B0051CC9E /* swiftgen.yml */; };
		A2FE06DE24731A1B0051CC9E /* ColorAssets.xcassets in Resources */ = {isa = PBXBuildFile; fileRef = A2FE06DD24731A1B0051CC9E /* ColorAssets.xcassets */; };
		A2FE06EA247322170051CC9E /* Assets.swift in Sources */ = {isa = PBXBuildFile; fileRef = A2FE06E9247322170051CC9E /* Assets.swift */; };
/* End PBXBuildFile section */

/* Begin PBXCopyFilesBuildPhase section */
		74B7927A202B33EA006BCB41 /* Embed Frameworks */ = {
			isa = PBXCopyFilesBuildPhase;
			buildActionMask = 2147483647;
			dstPath = "";
			dstSubfolderSpec = 10;
			files = (
			);
			name = "Embed Frameworks";
			runOnlyForDeploymentPostprocessing = 0;
		};
/* End PBXCopyFilesBuildPhase section */

/* Begin PBXFileReference section */
		74B79254202B3254006BCB41 /* Course3FinalTask.app */ = {isa = PBXFileReference; explicitFileType = wrapper.application; includeInIndex = 0; path = Course3FinalTask.app; sourceTree = BUILT_PRODUCTS_DIR; };
		74B79257202B3254006BCB41 /* AppDelegate.swift */ = {isa = PBXFileReference; lastKnownFileType = sourcecode.swift; path = AppDelegate.swift; sourceTree = "<group>"; };
		74B7925E202B3254006BCB41 /* IconAssets.xcassets */ = {isa = PBXFileReference; lastKnownFileType = folder.assetcatalog; path = IconAssets.xcassets; sourceTree = "<group>"; };
		74B79263202B3254006BCB41 /* Info.plist */ = {isa = PBXFileReference; lastKnownFileType = text.plist.xml; path = Info.plist; sourceTree = "<group>"; };
		93C59B665E88D6DC1F116179 /* Pods_Course3FinalTask.framework */ = {isa = PBXFileReference; explicitFileType = wrapper.framework; includeInIndex = 0; path = Pods_Course3FinalTask.framework; sourceTree = BUILT_PRODUCTS_DIR; };
		A228126F25278E34005C3642 /* NewPostCollectionViewCell.swift */ = {isa = PBXFileReference; lastKnownFileType = sourcecode.swift; path = NewPostCollectionViewCell.swift; sourceTree = "<group>"; };
		A228127025278E34005C3642 /* NewPostCollectionViewCell.xib */ = {isa = PBXFileReference; lastKnownFileType = file.xib; path = NewPostCollectionViewCell.xib; sourceTree = "<group>"; };
		A228127325279BF3005C3642 /* PhotoService.swift */ = {isa = PBXFileReference; lastKnownFileType = sourcecode.swift; path = PhotoService.swift; sourceTree = "<group>"; };
		A2385A2424BDA54600936B61 /* Authorization.swift */ = {isa = PBXFileReference; lastKnownFileType = sourcecode.swift; path = Authorization.swift; sourceTree = "<group>"; };
		A2385A2624BDA76F00936B61 /* UserIDRequest.swift */ = {isa = PBXFileReference; lastKnownFileType = sourcecode.swift; path = UserIDRequest.swift; sourceTree = "<group>"; };
		A2385A2824BDAA7A00936B61 /* PostIDRequest.swift */ = {isa = PBXFileReference; lastKnownFileType = sourcecode.swift; path = PostIDRequest.swift; sourceTree = "<group>"; };
		A2385A2A24BDAB2300936B61 /* NewPostRequest.swift */ = {isa = PBXFileReference; lastKnownFileType = sourcecode.swift; path = NewPostRequest.swift; sourceTree = "<group>"; };
		A23BC8A92419054400640E54 /* Fonts.swift */ = {isa = PBXFileReference; lastKnownFileType = sourcecode.swift; path = Fonts.swift; sourceTree = "<group>"; };
		A248FD6924AF00F7002E24C9 /* User.swift */ = {isa = PBXFileReference; lastKnownFileType = sourcecode.swift; path = User.swift; sourceTree = "<group>"; };
		A248FD6B24AF0103002E24C9 /* Post.swift */ = {isa = PBXFileReference; lastKnownFileType = sourcecode.swift; path = Post.swift; sourceTree = "<group>"; };
		A24F2ED5252DDACC00E09554 /* NetworkService.swift */ = {isa = PBXFileReference; lastKnownFileType = sourcecode.swift; path = NetworkService.swift; sourceTree = "<group>"; };
		A24F2ED7252DDB2C00E09554 /* URLComponentsService.swift */ = {isa = PBXFileReference; lastKnownFileType = sourcecode.swift; path = URLComponentsService.swift; sourceTree = "<group>"; };
		A24F2ED9252DDC3A00E09554 /* URLService.swift */ = {isa = PBXFileReference; lastKnownFileType = sourcecode.swift; path = URLService.swift; sourceTree = "<group>"; };
		A24F2EDB252DE0EC00E09554 /* DataTaskService.swift */ = {isa = PBXFileReference; lastKnownFileType = sourcecode.swift; path = DataTaskService.swift; sourceTree = "<group>"; };
		A24F2EDD252DE3A000E09554 /* RequestServise.swift */ = {isa = PBXFileReference; lastKnownFileType = sourcecode.swift; path = RequestServise.swift; sourceTree = "<group>"; };
		A24F2EDF252DE70700E09554 /* CheckOnlineService.swift */ = {isa = PBXFileReference; lastKnownFileType = sourcecode.swift; path = CheckOnlineService.swift; sourceTree = "<group>"; };
		A24F2EE1252DF49D00E09554 /* AuthorizationService.swift */ = {isa = PBXFileReference; lastKnownFileType = sourcecode.swift; path = AuthorizationService.swift; sourceTree = "<group>"; };
		A24F2EE3252DF96600E09554 /* GETService.swift */ = {isa = PBXFileReference; lastKnownFileType = sourcecode.swift; path = GETService.swift; sourceTree = "<group>"; };
		A24F2EE5252DF9F900E09554 /* POSTService.swift */ = {isa = PBXFileReference; lastKnownFileType = sourcecode.swift; path = POSTService.swift; sourceTree = "<group>"; };
		A24F2EE7252E012C00E09554 /* CheckTokenService.swift */ = {isa = PBXFileReference; lastKnownFileType = sourcecode.swift; path = CheckTokenService.swift; sourceTree = "<group>"; };
		A24F2EE9252E10C900E09554 /* Blocks.swift */ = {isa = PBXFileReference; lastKnownFileType = sourcecode.swift; path = Blocks.swift; sourceTree = "<group>"; };
		A259FDF524B90D86001B8030 /* DateFormatter+Extension.swift */ = {isa = PBXFileReference; lastKnownFileType = sourcecode.swift; path = "DateFormatter+Extension.swift"; sourceTree = "<group>"; };
		A25E5460240C275200478BC5 /* ProfileHeaderCollectionReusableView.swift */ = {isa = PBXFileReference; lastKnownFileType = sourcecode.swift; path = ProfileHeaderCollectionReusableView.swift; sourceTree = "<group>"; };
		A25E5461240C275200478BC5 /* ProfileHeaderCollectionReusableView.xib */ = {isa = PBXFileReference; lastKnownFileType = file.xib; path = ProfileHeaderCollectionReusableView.xib; sourceTree = "<group>"; };
		A262D14624AB85A200022684 /* RootViewController.swift */ = {isa = PBXFileReference; fileEncoding = 4; lastKnownFileType = sourcecode.swift; path = RootViewController.swift; sourceTree = "<group>"; };
		A262D14824AB85A200022684 /* LoginScreenViewController.xib */ = {isa = PBXFileReference; fileEncoding = 4; lastKnownFileType = file.xib; path = LoginScreenViewController.xib; sourceTree = "<group>"; };
		A262D14924AB85A200022684 /* LoginScreenViewController.swift */ = {isa = PBXFileReference; fileEncoding = 4; lastKnownFileType = sourcecode.swift; path = LoginScreenViewController.swift; sourceTree = "<group>"; };
		A26A16C624B2420A00A40273 /* Token.swift */ = {isa = PBXFileReference; lastKnownFileType = sourcecode.swift; path = Token.swift; sourceTree = "<group>"; };
		A26A16CB24B24C9F00A40273 /* Keychain.swift */ = {isa = PBXFileReference; lastKnownFileType = sourcecode.swift; path = Keychain.swift; sourceTree = "<group>"; };
		A26A16CD24B376AB00A40273 /* Alert.swift */ = {isa = PBXFileReference; lastKnownFileType = sourcecode.swift; path = Alert.swift; sourceTree = "<group>"; };
		A26A16CF24B3CB2F00A40273 /* BackendError.swift */ = {isa = PBXFileReference; lastKnownFileType = sourcecode.swift; path = BackendError.swift; sourceTree = "<group>"; };
		A26A16D124B3CD0A00A40273 /* Paths.swift */ = {isa = PBXFileReference; lastKnownFileType = sourcecode.swift; path = Paths.swift; sourceTree = "<group>"; };
		A27133AB240FC416007E13BC /* Date+Extension.swift */ = {isa = PBXFileReference; lastKnownFileType = sourcecode.swift; path = "Date+Extension.swift"; sourceTree = "<group>"; };
		A27133AE2413B259007E13BC /* UserListViewController.swift */ = {isa = PBXFileReference; lastKnownFileType = sourcecode.swift; path = UserListViewController.swift; sourceTree = "<group>"; };
		A27133AF2413B259007E13BC /* UserListViewController.xib */ = {isa = PBXFileReference; lastKnownFileType = file.xib; path = UserListViewController.xib; sourceTree = "<group>"; };
		A27133B32413B2B0007E13BC /* UserListTableViewCell.swift */ = {isa = PBXFileReference; lastKnownFileType = sourcecode.swift; path = UserListTableViewCell.swift; sourceTree = "<group>"; };
		A27133B42413B2B0007E13BC /* UserListTableViewCell.xib */ = {isa = PBXFileReference; lastKnownFileType = file.xib; path = UserListTableViewCell.xib; sourceTree = "<group>"; };
		A27133B72413BB16007E13BC /* UITableView+Extension.swift */ = {isa = PBXFileReference; lastKnownFileType = sourcecode.swift; path = "UITableView+Extension.swift"; sourceTree = "<group>"; };
		A277FCE324694DF3008E14E7 /* FiltersViewController.swift */ = {isa = PBXFileReference; lastKnownFileType = sourcecode.swift; path = FiltersViewController.swift; sourceTree = "<group>"; };
		A277FCE424694DF3008E14E7 /* FiltersViewController.xib */ = {isa = PBXFileReference; lastKnownFileType = file.xib; path = FiltersViewController.xib; sourceTree = "<group>"; };
		A277FCE82469B7E4008E14E7 /* FiltersCollectionViewCell.swift */ = {isa = PBXFileReference; lastKnownFileType = sourcecode.swift; path = FiltersCollectionViewCell.swift; sourceTree = "<group>"; };
		A277FCE92469B7E4008E14E7 /* FiltersCollectionViewCell.xib */ = {isa = PBXFileReference; lastKnownFileType = file.xib; path = FiltersCollectionViewCell.xib; sourceTree = "<group>"; };
		A277FCEC246AE300008E14E7 /* Filters.swift */ = {isa = PBXFileReference; lastKnownFileType = sourcecode.swift; path = Filters.swift; sourceTree = "<group>"; };
		A277FCEE246B068D008E14E7 /* UIImage+Extension.swift */ = {isa = PBXFileReference; lastKnownFileType = sourcecode.swift; path = "UIImage+Extension.swift"; sourceTree = "<group>"; };
		A277FCF0246B0B68008E14E7 /* ImageFilterOperation.swift */ = {isa = PBXFileReference; lastKnownFileType = sourcecode.swift; path = ImageFilterOperation.swift; sourceTree = "<group>"; };
		A277FCF3246C1B57008E14E7 /* DescriptionScreenViewController.swift */ = {isa = PBXFileReference; lastKnownFileType = sourcecode.swift; path = DescriptionScreenViewController.swift; sourceTree = "<group>"; };
		A277FCF4246C1B57008E14E7 /* DescriptionScreenViewController.xib */ = {isa = PBXFileReference; lastKnownFileType = file.xib; path = DescriptionScreenViewController.xib; sourceTree = "<group>"; };
		A293F706240BB8EC003D5A96 /* UICollectionView+Extension.swift */ = {isa = PBXFileReference; lastKnownFileType = sourcecode.swift; path = "UICollectionView+Extension.swift"; sourceTree = "<group>"; };
		A293F70A240BE7A8003D5A96 /* ProfileCollectionViewCell.swift */ = {isa = PBXFileReference; lastKnownFileType = sourcecode.swift; path = ProfileCollectionViewCell.swift; sourceTree = "<group>"; };
		A293F70B240BE7A8003D5A96 /* ProfileCollectionViewCell.xib */ = {isa = PBXFileReference; lastKnownFileType = file.xib; path = ProfileCollectionViewCell.xib; sourceTree = "<group>"; };
		A2A77E9F252FCAA600013E44 /* CoreDataService.swift */ = {isa = PBXFileReference; lastKnownFileType = sourcecode.swift; path = CoreDataService.swift; sourceTree = "<group>"; };
		A2A77EA5252FCBAB00013E44 /* PostOfflineService.swift */ = {isa = PBXFileReference; lastKnownFileType = sourcecode.swift; path = PostOfflineService.swift; sourceTree = "<group>"; };
		A2A77EA7252FCC9500013E44 /* UserOfflineService.swift */ = {isa = PBXFileReference; lastKnownFileType = sourcecode.swift; path = UserOfflineService.swift; sourceTree = "<group>"; };
		A2A77EBF2530B91100013E44 /* en */ = {isa = PBXFileReference; lastKnownFileType = text.plist.strings; name = en; path = en.lproj/Localizable.strings; sourceTree = "<group>"; };
		A2A77EC12530B92000013E44 /* ru */ = {isa = PBXFileReference; lastKnownFileType = text.plist.strings; name = ru; path = ru.lproj/Localizable.strings; sourceTree = "<group>"; };
		A2A77EC22530D2E600013E44 /* Strings.swift */ = {isa = PBXFileReference; lastKnownFileType = sourcecode.swift; path = Strings.swift; sourceTree = "<group>"; };
		A2A77ECC2530E9F400013E44 /* uk */ = {isa = PBXFileReference; lastKnownFileType = text.plist.strings; name = uk; path = uk.lproj/Localizable.strings; sourceTree = "<group>"; };
		A2AB4FFE2465B74B007BB8F9 /* ActivityIndicator.swift */ = {isa = PBXFileReference; lastKnownFileType = sourcecode.swift; path = ActivityIndicator.swift; sourceTree = "<group>"; };
		A2C014E22454F228001A4894 /* NewPostViewController.swift */ = {isa = PBXFileReference; lastKnownFileType = sourcecode.swift; path = NewPostViewController.swift; sourceTree = "<group>"; };
		A2C014E32454F228001A4894 /* NewPostViewController.xib */ = {isa = PBXFileReference; lastKnownFileType = file.xib; path = NewPostViewController.xib; sourceTree = "<group>"; };
		A2DF35EC2405C2C0008A9CD7 /* FeedCollectionViewCell.swift */ = {isa = PBXFileReference; lastKnownFileType = sourcecode.swift; path = FeedCollectionViewCell.swift; sourceTree = "<group>"; };
		A2DF35ED2405C2C0008A9CD7 /* FeedCollectionViewCell.xib */ = {isa = PBXFileReference; lastKnownFileType = file.xib; path = FeedCollectionViewCell.xib; sourceTree = "<group>"; };
		A2EA2D7125167BB80019190C /* DataBase.xcdatamodel */ = {isa = PBXFileReference; lastKnownFileType = wrapper.xcdatamodel; path = DataBase.xcdatamodel; sourceTree = "<group>"; };
		A2EA2D73251684800019190C /* CoreDataStack.swift */ = {isa = PBXFileReference; lastKnownFileType = sourcecode.swift; path = CoreDataStack.swift; sourceTree = "<group>"; };
		A2EA2D75251685CB0019190C /* Constants.swift */ = {isa = PBXFileReference; lastKnownFileType = sourcecode.swift; path = Constants.swift; sourceTree = "<group>"; };
		A2F351442520A6BC00B17CFF /* UIViewController+Extansion.swift */ = {isa = PBXFileReference; lastKnownFileType = sourcecode.swift; path = "UIViewController+Extansion.swift"; sourceTree = "<group>"; };
		A2F7486024041B2500396045 /* .gitignore */ = {isa = PBXFileReference; lastKnownFileType = text; path = .gitignore; sourceTree = "<group>"; };
		A2F7486324041F6200396045 /* FeedViewController.swift */ = {isa = PBXFileReference; lastKnownFileType = sourcecode.swift; path = FeedViewController.swift; sourceTree = "<group>"; };
		A2F7486424041F6200396045 /* FeedViewController.xib */ = {isa = PBXFileReference; lastKnownFileType = file.xib; path = FeedViewController.xib; sourceTree = "<group>"; };
		A2F7486724041F7700396045 /* ProfileViewController.swift */ = {isa = PBXFileReference; lastKnownFileType = sourcecode.swift; path = ProfileViewController.swift; sourceTree = "<group>"; };
		A2F7486824041F7700396045 /* ProfileViewController.xib */ = {isa = PBXFileReference; lastKnownFileType = file.xib; path = ProfileViewController.xib; sourceTree = "<group>"; };
		A2F7486B240420CF00396045 /* Launch Screen.storyboard */ = {isa = PBXFileReference; lastKnownFileType = file.storyboard; path = "Launch Screen.storyboard"; sourceTree = "<group>"; };
		A2FE06AD246FE0990051CC9E /* .swiftlint.yml */ = {isa = PBXFileReference; lastKnownFileType = text.yaml; path = .swiftlint.yml; sourceTree = "<group>"; };
		A2FE06D62473076B0051CC9E /* swiftgen.yml */ = {isa = PBXFileReference; lastKnownFileType = text.yaml; path = swiftgen.yml; sourceTree = "<group>"; };
		A2FE06DD24731A1B0051CC9E /* ColorAssets.xcassets */ = {isa = PBXFileReference; lastKnownFileType = folder.assetcatalog; path = ColorAssets.xcassets; sourceTree = "<group>"; };
		A2FE06E9247322170051CC9E /* Assets.swift */ = {isa = PBXFileReference; fileEncoding = 4; lastKnownFileType = sourcecode.swift; path = Assets.swift; sourceTree = "<group>"; };
		E50C5865A5626BA7CCCB6C79 /* Pods-Course3FinalTask.debug.xcconfig */ = {isa = PBXFileReference; includeInIndex = 1; lastKnownFileType = text.xcconfig; name = "Pods-Course3FinalTask.debug.xcconfig"; path = "Target Support Files/Pods-Course3FinalTask/Pods-Course3FinalTask.debug.xcconfig"; sourceTree = "<group>"; };
		ED042831AEB5C0BF368FD68C /* Pods-Course3FinalTask.release.xcconfig */ = {isa = PBXFileReference; includeInIndex = 1; lastKnownFileType = text.xcconfig; name = "Pods-Course3FinalTask.release.xcconfig"; path = "Target Support Files/Pods-Course3FinalTask/Pods-Course3FinalTask.release.xcconfig"; sourceTree = "<group>"; };
/* End PBXFileReference section */

/* Begin PBXFrameworksBuildPhase section */
		74B79251202B3254006BCB41 /* Frameworks */ = {
			isa = PBXFrameworksBuildPhase;
			buildActionMask = 2147483647;
			files = (
				122153FAF1D67234253098C5 /* Pods_Course3FinalTask.framework in Frameworks */,
			);
			runOnlyForDeploymentPostprocessing = 0;
		};
/* End PBXFrameworksBuildPhase section */

/* Begin PBXGroup section */
		22FF08CD60FD7933922C5CD0 /* Frameworks */ = {
			isa = PBXGroup;
			children = (
				93C59B665E88D6DC1F116179 /* Pods_Course3FinalTask.framework */,
			);
			name = Frameworks;
			sourceTree = "<group>";
		};
		540848D5DF4B74FBE1E7BDF9 /* Pods */ = {
			isa = PBXGroup;
			children = (
				E50C5865A5626BA7CCCB6C79 /* Pods-Course3FinalTask.debug.xcconfig */,
				ED042831AEB5C0BF368FD68C /* Pods-Course3FinalTask.release.xcconfig */,
			);
			path = Pods;
			sourceTree = "<group>";
		};
		74B7924B202B3254006BCB41 = {
			isa = PBXGroup;
			children = (
				A2FE06D62473076B0051CC9E /* swiftgen.yml */,
				A2FE06AD246FE0990051CC9E /* .swiftlint.yml */,
				A2F7486024041B2500396045 /* .gitignore */,
				74B79256202B3254006BCB41 /* Course2FinalTask */,
				74B79255202B3254006BCB41 /* Products */,
				540848D5DF4B74FBE1E7BDF9 /* Pods */,
				22FF08CD60FD7933922C5CD0 /* Frameworks */,
			);
			indentWidth = 4;
			sourceTree = "<group>";
			tabWidth = 4;
		};
		74B79255202B3254006BCB41 /* Products */ = {
			isa = PBXGroup;
			children = (
				74B79254202B3254006BCB41 /* Course3FinalTask.app */,
			);
			name = Products;
			sourceTree = "<group>";
		};
		74B79256202B3254006BCB41 /* Course2FinalTask */ = {
			isa = PBXGroup;
			children = (
				74B79257202B3254006BCB41 /* AppDelegate.swift */,
				A26A16CA24B24C5D00A40273 /* Safety */,
				A248FD6724AF006F002E24C9 /* Networking */,
				A2EA2D6F25167ACE0019190C /* Offline */,
				A262D14524AB85A200022684 /* RootViewController */,
				A262D14724AB85A200022684 /* LoginViewController */,
				A2F7486224041F1700396045 /* TabBarController */,
				A293F705240BB86A003D5A96 /* Helpers */,
				74B7927C202B342E006BCB41 /* Resources */,
				74B7927D202B3434006BCB41 /* Supporting Files */,
			);
			path = Course2FinalTask;
			sourceTree = "<group>";
		};
		74B7927C202B342E006BCB41 /* Resources */ = {
			isa = PBXGroup;
			children = (
				74B7925E202B3254006BCB41 /* IconAssets.xcassets */,
				A2FE06DD24731A1B0051CC9E /* ColorAssets.xcassets */,
			);
			path = Resources;
			sourceTree = "<group>";
		};
		74B7927D202B3434006BCB41 /* Supporting Files */ = {
			isa = PBXGroup;
			children = (
				74B79263202B3254006BCB41 /* Info.plist */,
				A2F7486B240420CF00396045 /* Launch Screen.storyboard */,
			);
			path = "Supporting Files";
			sourceTree = "<group>";
		};
		A228126E25278DB8005C3642 /* NewPostCell */ = {
			isa = PBXGroup;
			children = (
				A228126F25278E34005C3642 /* NewPostCollectionViewCell.swift */,
				A228127025278E34005C3642 /* NewPostCollectionViewCell.xib */,
			);
			path = NewPostCell;
			sourceTree = "<group>";
		};
		A2385A1B24BC806D00936B61 /* PhotoSevice */ = {
			isa = PBXGroup;
			children = (
				A228127325279BF3005C3642 /* PhotoService.swift */,
			);
			path = PhotoSevice;
			sourceTree = "<group>";
		};
		A248FD6724AF006F002E24C9 /* Networking */ = {
			isa = PBXGroup;
			children = (
				A248FD6824AF00E3002E24C9 /* Model */,
				A26C5EEC24B8B389002FA10B /* Service */,
				A26C5EED24B8B3B2002FA10B /* Errors */,
			);
			path = Networking;
			sourceTree = "<group>";
		};
		A248FD6824AF00E3002E24C9 /* Model */ = {
			isa = PBXGroup;
			children = (
				A248FD6924AF00F7002E24C9 /* User.swift */,
				A248FD6B24AF0103002E24C9 /* Post.swift */,
				A26A16C624B2420A00A40273 /* Token.swift */,
				A2385A2424BDA54600936B61 /* Authorization.swift */,
				A2385A2624BDA76F00936B61 /* UserIDRequest.swift */,
				A2385A2824BDAA7A00936B61 /* PostIDRequest.swift */,
				A2385A2A24BDAB2300936B61 /* NewPostRequest.swift */,
			);
			path = Model;
			sourceTree = "<group>";
		};
		A25E545C240C269F00478BC5 /* Feed */ = {
			isa = PBXGroup;
			children = (
				A293F703240B95ED003D5A96 /* FeedCell */,
				A2F7486324041F6200396045 /* FeedViewController.swift */,
				A2F7486424041F6200396045 /* FeedViewController.xib */,
			);
			path = Feed;
			sourceTree = "<group>";
		};
		A25E545D240C26B500478BC5 /* Profile */ = {
			isa = PBXGroup;
			children = (
				A293F709240BE6A8003D5A96 /* ProfileCell */,
				A2F7486724041F7700396045 /* ProfileViewController.swift */,
				A2F7486824041F7700396045 /* ProfileViewController.xib */,
			);
			path = Profile;
			sourceTree = "<group>";
		};
		A25E545F240C272A00478BC5 /* ProfileHeader */ = {
			isa = PBXGroup;
			children = (
				A25E5460240C275200478BC5 /* ProfileHeaderCollectionReusableView.swift */,
				A25E5461240C275200478BC5 /* ProfileHeaderCollectionReusableView.xib */,
			);
			path = ProfileHeader;
			sourceTree = "<group>";
		};
		A262D14524AB85A200022684 /* RootViewController */ = {
			isa = PBXGroup;
			children = (
				A262D14624AB85A200022684 /* RootViewController.swift */,
			);
			path = RootViewController;
			sourceTree = "<group>";
		};
		A262D14724AB85A200022684 /* LoginViewController */ = {
			isa = PBXGroup;
			children = (
				A262D14824AB85A200022684 /* LoginScreenViewController.xib */,
				A262D14924AB85A200022684 /* LoginScreenViewController.swift */,
			);
			path = LoginViewController;
			sourceTree = "<group>";
		};
		A26A16CA24B24C5D00A40273 /* Safety */ = {
			isa = PBXGroup;
			children = (
				A26A16CB24B24C9F00A40273 /* Keychain.swift */,
			);
			path = Safety;
			sourceTree = "<group>";
		};
		A26C5EEC24B8B389002FA10B /* Service */ = {
			isa = PBXGroup;
			children = (
				A26A16D124B3CD0A00A40273 /* Paths.swift */,
				A24F2ED5252DDACC00E09554 /* NetworkService.swift */,
				A24F2ED7252DDB2C00E09554 /* URLComponentsService.swift */,
				A24F2ED9252DDC3A00E09554 /* URLService.swift */,
				A24F2EDB252DE0EC00E09554 /* DataTaskService.swift */,
				A24F2EDD252DE3A000E09554 /* RequestServise.swift */,
				A24F2EDF252DE70700E09554 /* CheckOnlineService.swift */,
				A24F2EE3252DF96600E09554 /* GETService.swift */,
				A24F2EE5252DF9F900E09554 /* POSTService.swift */,
				A24F2EE1252DF49D00E09554 /* AuthorizationService.swift */,
				A24F2EE7252E012C00E09554 /* CheckTokenService.swift */,
			);
			path = Service;
			sourceTree = "<group>";
		};
		A26C5EED24B8B3B2002FA10B /* Errors */ = {
			isa = PBXGroup;
			children = (
				A26A16CF24B3CB2F00A40273 /* BackendError.swift */,
			);
			path = Errors;
			sourceTree = "<group>";
		};
		A27133AD2413B195007E13BC /* UsersList */ = {
			isa = PBXGroup;
			children = (
				A27133B22413B266007E13BC /* UserListCell */,
				A27133AE2413B259007E13BC /* UserListViewController.swift */,
				A27133AF2413B259007E13BC /* UserListViewController.xib */,
			);
			path = UsersList;
			sourceTree = "<group>";
		};
		A27133B22413B266007E13BC /* UserListCell */ = {
			isa = PBXGroup;
			children = (
				A27133B32413B2B0007E13BC /* UserListTableViewCell.swift */,
				A27133B42413B2B0007E13BC /* UserListTableViewCell.xib */,
			);
			path = UserListCell;
			sourceTree = "<group>";
		};
		A277FCDE24694D88008E14E7 /* Filters */ = {
			isa = PBXGroup;
			children = (
				A277FCE72469B7AF008E14E7 /* FiltersCell */,
				A277FCE324694DF3008E14E7 /* FiltersViewController.swift */,
				A277FCE424694DF3008E14E7 /* FiltersViewController.xib */,
				A277FCF0246B0B68008E14E7 /* ImageFilterOperation.swift */,
				A277FCF3246C1B57008E14E7 /* DescriptionScreenViewController.swift */,
				A277FCF4246C1B57008E14E7 /* DescriptionScreenViewController.xib */,
			);
			path = Filters;
			sourceTree = "<group>";
		};
		A277FCE72469B7AF008E14E7 /* FiltersCell */ = {
			isa = PBXGroup;
			children = (
				A277FCE82469B7E4008E14E7 /* FiltersCollectionViewCell.swift */,
				A277FCE92469B7E4008E14E7 /* FiltersCollectionViewCell.xib */,
			);
			path = FiltersCell;
			sourceTree = "<group>";
		};
		A293F703240B95ED003D5A96 /* FeedCell */ = {
			isa = PBXGroup;
			children = (
				A2DF35EC2405C2C0008A9CD7 /* FeedCollectionViewCell.swift */,
				A2DF35ED2405C2C0008A9CD7 /* FeedCollectionViewCell.xib */,
			);
			path = FeedCell;
			sourceTree = "<group>";
		};
		A293F705240BB86A003D5A96 /* Helpers */ = {
			isa = PBXGroup;
			children = (
				A2FE06EB24732E720051CC9E /* Extension */,
				A2FE06D8247307AD0051CC9E /* Constants */,
				A2A77EBB2530B84000013E44 /* Strings */,
				A2AB4FFE2465B74B007BB8F9 /* ActivityIndicator.swift */,
				A26A16CD24B376AB00A40273 /* Alert.swift */,
			);
			path = Helpers;
			sourceTree = "<group>";
		};
		A293F709240BE6A8003D5A96 /* ProfileCell */ = {
			isa = PBXGroup;
			children = (
				A25E545F240C272A00478BC5 /* ProfileHeader */,
				A293F70A240BE7A8003D5A96 /* ProfileCollectionViewCell.swift */,
				A293F70B240BE7A8003D5A96 /* ProfileCollectionViewCell.xib */,
			);
			path = ProfileCell;
			sourceTree = "<group>";
		};
		A2A77EA9252FD58500013E44 /* Service */ = {
			isa = PBXGroup;
			children = (
				A2A77E9F252FCAA600013E44 /* CoreDataService.swift */,
				A2A77EA5252FCBAB00013E44 /* PostOfflineService.swift */,
				A2A77EA7252FCC9500013E44 /* UserOfflineService.swift */,
			);
			name = Service;
			sourceTree = "<group>";
		};
		A2A77EBB2530B84000013E44 /* Strings */ = {
			isa = PBXGroup;
			children = (
				A2A77EC02530B91100013E44 /* Localizable.strings */,
			);
			path = Strings;
			sourceTree = "<group>";
		};
		A2C014DE2454F16F001A4894 /* NewPost */ = {
			isa = PBXGroup;
			children = (
				A2385A1B24BC806D00936B61 /* PhotoSevice */,
				A228126E25278DB8005C3642 /* NewPostCell */,
				A2C014E22454F228001A4894 /* NewPostViewController.swift */,
				A2C014E32454F228001A4894 /* NewPostViewController.xib */,
				A277FCDE24694D88008E14E7 /* Filters */,
			);
			path = NewPost;
			sourceTree = "<group>";
		};
		A2EA2D6F25167ACE0019190C /* Offline */ = {
			isa = PBXGroup;
			children = (
				A2EA2D7025167BB80019190C /* DataBase.xcdatamodeld */,
				A2EA2D73251684800019190C /* CoreDataStack.swift */,
				A2A77EA9252FD58500013E44 /* Service */,
			);
			path = Offline;
			sourceTree = "<group>";
		};
		A2F7486224041F1700396045 /* TabBarController */ = {
			isa = PBXGroup;
			children = (
				A25E545C240C269F00478BC5 /* Feed */,
				A25E545D240C26B500478BC5 /* Profile */,
				A27133AD2413B195007E13BC /* UsersList */,
				A2C014DE2454F16F001A4894 /* NewPost */,
			);
			path = TabBarController;
			sourceTree = "<group>";
		};
		A2FE06D8247307AD0051CC9E /* Constants */ = {
			isa = PBXGroup;
			children = (
				A2FE06E9247322170051CC9E /* Assets.swift */,
				A23BC8A92419054400640E54 /* Fonts.swift */,
				A2EA2D75251685CB0019190C /* Constants.swift */,
				A277FCEC246AE300008E14E7 /* Filters.swift */,
				A24F2EE9252E10C900E09554 /* Blocks.swift */,
				A2A77EC22530D2E600013E44 /* Strings.swift */,
			);
			path = Constants;
			sourceTree = "<group>";
		};
		A2FE06EB24732E720051CC9E /* Extension */ = {
			isa = PBXGroup;
			children = (
				A27133AB240FC416007E13BC /* Date+Extension.swift */,
				A259FDF524B90D86001B8030 /* DateFormatter+Extension.swift */,
				A293F706240BB8EC003D5A96 /* UICollectionView+Extension.swift */,
				A27133B72413BB16007E13BC /* UITableView+Extension.swift */,
				A277FCEE246B068D008E14E7 /* UIImage+Extension.swift */,
				A2F351442520A6BC00B17CFF /* UIViewController+Extansion.swift */,
			);
			path = Extension;
			sourceTree = "<group>";
		};
/* End PBXGroup section */

/* Begin PBXNativeTarget section */
		74B79253202B3254006BCB41 /* Course3FinalTask */ = {
			isa = PBXNativeTarget;
			buildConfigurationList = 74B79266202B3254006BCB41 /* Build configuration list for PBXNativeTarget "Course3FinalTask" */;
			buildPhases = (
				AFBD3A7282855CD2E0B8C5D1 /* [CP] Check Pods Manifest.lock */,
				A2FE06AC246FC0A10051CC9E /* SwiftLint */,
				A2FE06D5247303DF0051CC9E /* SwiftGen */,
				74B79250202B3254006BCB41 /* Sources */,
				74B79251202B3254006BCB41 /* Frameworks */,
				74B79252202B3254006BCB41 /* Resources */,
				74B7927A202B33EA006BCB41 /* Embed Frameworks */,
				980E8D1CB52619920C654B62 /* [CP] Embed Pods Frameworks */,
			);
			buildRules = (
			);
			dependencies = (
			);
			name = Course3FinalTask;
			productName = Course2Week3FinalTask;
			productReference = 74B79254202B3254006BCB41 /* Course3FinalTask.app */;
			productType = "com.apple.product-type.application";
		};
/* End PBXNativeTarget section */

/* Begin PBXProject section */
		74B7924C202B3254006BCB41 /* Project object */ = {
			isa = PBXProject;
			attributes = {
				LastSwiftUpdateCheck = 0920;
				LastUpgradeCheck = 1200;
				ORGANIZATIONNAME = Bardincom;
				TargetAttributes = {
					74B79253202B3254006BCB41 = {
						CreatedOnToolsVersion = 9.2;
						LastSwiftMigration = 1100;
					};
				};
			};
			buildConfigurationList = 74B7924F202B3254006BCB41 /* Build configuration list for PBXProject "Course3FinalTask" */;
			compatibilityVersion = "Xcode 11.0";
			developmentRegion = en;
			hasScannedForEncodings = 0;
			knownRegions = (
				en,
				Base,
				ru,
				uk,
			);
			mainGroup = 74B7924B202B3254006BCB41;
			productRefGroup = 74B79255202B3254006BCB41 /* Products */;
			projectDirPath = "";
			projectRoot = "";
			targets = (
				74B79253202B3254006BCB41 /* Course3FinalTask */,
			);
		};
/* End PBXProject section */

/* Begin PBXResourcesBuildPhase section */
		74B79252202B3254006BCB41 /* Resources */ = {
			isa = PBXResourcesBuildPhase;
			buildActionMask = 2147483647;
			files = (
				A2FE06AE246FE0990051CC9E /* .swiftlint.yml in Resources */,
				A228127225278E34005C3642 /* NewPostCollectionViewCell.xib in Resources */,
				A27133B62413B2B0007E13BC /* UserListTableViewCell.xib in Resources */,
				A2C014E52454F228001A4894 /* NewPostViewController.xib in Resources */,
				A2FE06D72473076B0051CC9E /* swiftgen.yml in Resources */,
				A262D14B24AB85A200022684 /* LoginScreenViewController.xib in Resources */,
				A2F7486124041B2500396045 /* .gitignore in Resources */,
				A2F7486624041F6200396045 /* FeedViewController.xib in Resources */,
				A2F7486A24041F7700396045 /* ProfileViewController.xib in Resources */,
				A293F70D240BE7A8003D5A96 /* ProfileCollectionViewCell.xib in Resources */,
				A27133B12413B259007E13BC /* UserListViewController.xib in Resources */,
				A277FCF6246C1B57008E14E7 /* DescriptionScreenViewController.xib in Resources */,
				A25E5463240C275200478BC5 /* ProfileHeaderCollectionReusableView.xib in Resources */,
				A2DF35EF2405C2C0008A9CD7 /* FeedCollectionViewCell.xib in Resources */,
				A277FCEB2469B7E4008E14E7 /* FiltersCollectionViewCell.xib in Resources */,
				A2FE06DE24731A1B0051CC9E /* ColorAssets.xcassets in Resources */,
				A2F7486C240420CF00396045 /* Launch Screen.storyboard in Resources */,
				A277FCE624694DF3008E14E7 /* FiltersViewController.xib in Resources */,
				74B7925F202B3254006BCB41 /* IconAssets.xcassets in Resources */,
			);
			runOnlyForDeploymentPostprocessing = 0;
		};
/* End PBXResourcesBuildPhase section */

/* Begin PBXShellScriptBuildPhase section */
		980E8D1CB52619920C654B62 /* [CP] Embed Pods Frameworks */ = {
			isa = PBXShellScriptBuildPhase;
			buildActionMask = 2147483647;
			files = (
			);
			inputFileListPaths = (
				"${PODS_ROOT}/Target Support Files/Pods-Course3FinalTask/Pods-Course3FinalTask-frameworks-${CONFIGURATION}-input-files.xcfilelist",
			);
			name = "[CP] Embed Pods Frameworks";
			outputFileListPaths = (
				"${PODS_ROOT}/Target Support Files/Pods-Course3FinalTask/Pods-Course3FinalTask-frameworks-${CONFIGURATION}-output-files.xcfilelist",
			);
			runOnlyForDeploymentPostprocessing = 0;
			shellPath = /bin/sh;
			shellScript = "\"${PODS_ROOT}/Target Support Files/Pods-Course3FinalTask/Pods-Course3FinalTask-frameworks.sh\"\n";
			showEnvVarsInLog = 0;
		};
		A2FE06AC246FC0A10051CC9E /* SwiftLint */ = {
			isa = PBXShellScriptBuildPhase;
			buildActionMask = 12;
			files = (
			);
			inputFileListPaths = (
			);
			inputPaths = (
			);
			name = SwiftLint;
			outputFileListPaths = (
			);
			outputPaths = (
			);
			runOnlyForDeploymentPostprocessing = 0;
			shellPath = /bin/sh;
			shellScript = "if which swiftlint >/dev/null; then\n  swiftlint\nelse\n  echo \"error: SwiftLint does not exist, download it from https://github.com/realm/SwiftLint\"\n  exit 1\nfi\n";
		};
		A2FE06D5247303DF0051CC9E /* SwiftGen */ = {
			isa = PBXShellScriptBuildPhase;
			buildActionMask = 2147483647;
			files = (
			);
			inputFileListPaths = (
			);
			inputPaths = (
			);
			name = SwiftGen;
			outputFileListPaths = (
			);
			outputPaths = (
			);
			runOnlyForDeploymentPostprocessing = 0;
			shellPath = /bin/sh;
			shellScript = "\"$PODS_ROOT\"/SwiftGen/bin/swiftgen\n";
		};
		AFBD3A7282855CD2E0B8C5D1 /* [CP] Check Pods Manifest.lock */ = {
			isa = PBXShellScriptBuildPhase;
			buildActionMask = 2147483647;
			files = (
			);
			inputFileListPaths = (
			);
			inputPaths = (
				"${PODS_PODFILE_DIR_PATH}/Podfile.lock",
				"${PODS_ROOT}/Manifest.lock",
			);
			name = "[CP] Check Pods Manifest.lock";
			outputFileListPaths = (
			);
			outputPaths = (
				"$(DERIVED_FILE_DIR)/Pods-Course3FinalTask-checkManifestLockResult.txt",
			);
			runOnlyForDeploymentPostprocessing = 0;
			shellPath = /bin/sh;
			shellScript = "diff \"${PODS_PODFILE_DIR_PATH}/Podfile.lock\" \"${PODS_ROOT}/Manifest.lock\" > /dev/null\nif [ $? != 0 ] ; then\n    # print error to STDERR\n    echo \"error: The sandbox is not in sync with the Podfile.lock. Run 'pod install' or update your CocoaPods installation.\" >&2\n    exit 1\nfi\n# This output is used by Xcode 'outputs' to avoid re-running this script phase.\necho \"SUCCESS\" > \"${SCRIPT_OUTPUT_FILE_0}\"\n";
			showEnvVarsInLog = 0;
		};
/* End PBXShellScriptBuildPhase section */

/* Begin PBXSourcesBuildPhase section */
		74B79250202B3254006BCB41 /* Sources */ = {
			isa = PBXSourcesBuildPhase;
			buildActionMask = 2147483647;
			files = (
				A277FCED246AE300008E14E7 /* Filters.swift in Sources */,
				A25E5462240C275200478BC5 /* ProfileHeaderCollectionReusableView.swift in Sources */,
				A24F2ED6252DDACC00E09554 /* NetworkService.swift in Sources */,
				A2AB4FFF2465B74B007BB8F9 /* ActivityIndicator.swift in Sources */,
				A293F707240BB8EC003D5A96 /* UICollectionView+Extension.swift in Sources */,
				A24F2EEA252E10C900E09554 /* Blocks.swift in Sources */,
				A228127125278E34005C3642 /* NewPostCollectionViewCell.swift in Sources */,
				A23BC8AA2419054400640E54 /* Fonts.swift in Sources */,
				A248FD6A24AF00F7002E24C9 /* User.swift in Sources */,
				A24F2EE2252DF49D00E09554 /* AuthorizationService.swift in Sources */,
				A25685C024335B9400A09C0D /* UserListTableViewCell.swift in Sources */,
				A25685BD2433307400A09C0D /* ProfileViewController.swift in Sources */,
				A2FE06EA247322170051CC9E /* Assets.swift in Sources */,
				A277FCE524694DF3008E14E7 /* FiltersViewController.swift in Sources */,
				A277FCF1246B0B68008E14E7 /* ImageFilterOperation.swift in Sources */,
				A26A16CC24B24C9F00A40273 /* Keychain.swift in Sources */,
				A2A77EA0252FCAA600013E44 /* CoreDataService.swift in Sources */,
				A25685BF24335B7F00A09C0D /* UserListViewController.swift in Sources */,
				A24F2EE6252DF9F900E09554 /* POSTService.swift in Sources */,
				A277FCF5246C1B57008E14E7 /* DescriptionScreenViewController.swift in Sources */,
				A2385A2B24BDAB2300936B61 /* NewPostRequest.swift in Sources */,
				A2A77EA8252FCC9500013E44 /* UserOfflineService.swift in Sources */,
				A2F351452520A6BC00B17CFF /* UIViewController+Extansion.swift in Sources */,
				A24F2EDE252DE3A000E09554 /* RequestServise.swift in Sources */,
				A24F2ED8252DDB2C00E09554 /* URLComponentsService.swift in Sources */,
				A24F2EE8252E012C00E09554 /* CheckTokenService.swift in Sources */,
				A2A77EBE2530B91100013E44 /* Localizable.strings in Sources */,
				A26A16C724B2420A00A40273 /* Token.swift in Sources */,
				A27133B82413BB16007E13BC /* UITableView+Extension.swift in Sources */,
				A27133AC240FC416007E13BC /* Date+Extension.swift in Sources */,
				A262D14A24AB85A200022684 /* RootViewController.swift in Sources */,
				A26A16D224B3CD0A00A40273 /* Paths.swift in Sources */,
				A2EA2D76251685CB0019190C /* Constants.swift in Sources */,
				A293F70C240BE7A8003D5A96 /* ProfileCollectionViewCell.swift in Sources */,
				A26A16D024B3CB2F00A40273 /* BackendError.swift in Sources */,
				A24F2EE4252DF96600E09554 /* GETService.swift in Sources */,
				A2385A2524BDA54600936B61 /* Authorization.swift in Sources */,
				A228127425279BF3005C3642 /* PhotoService.swift in Sources */,
				A24F2EE0252DE70700E09554 /* CheckOnlineService.swift in Sources */,
				A2385A2924BDAA7A00936B61 /* PostIDRequest.swift in Sources */,
				A248FD6C24AF0103002E24C9 /* Post.swift in Sources */,
				A2385A2724BDA76F00936B61 /* UserIDRequest.swift in Sources */,
				A2F7486524041F6200396045 /* FeedViewController.swift in Sources */,
				A2A77EC32530D2E600013E44 /* Strings.swift in Sources */,
				74B79258202B3254006BCB41 /* AppDelegate.swift in Sources */,
				A2DF35EE2405C2C0008A9CD7 /* FeedCollectionViewCell.swift in Sources */,
				A24F2EDA252DDC3A00E09554 /* URLService.swift in Sources */,
				A277FCEF246B068E008E14E7 /* UIImage+Extension.swift in Sources */,
				A277FCEA2469B7E4008E14E7 /* FiltersCollectionViewCell.swift in Sources */,
				A262D14C24AB85A200022684 /* LoginScreenViewController.swift in Sources */,
				A2EA2D7225167BB80019190C /* DataBase.xcdatamodeld in Sources */,
				A26A16CE24B376AB00A40273 /* Alert.swift in Sources */,
				A24F2EDC252DE0EC00E09554 /* DataTaskService.swift in Sources */,
				A2C014E42454F228001A4894 /* NewPostViewController.swift in Sources */,
				A259FDF624B90D86001B8030 /* DateFormatter+Extension.swift in Sources */,
				A2A77EA6252FCBAB00013E44 /* PostOfflineService.swift in Sources */,
				A2EA2D74251684800019190C /* CoreDataStack.swift in Sources */,
			);
			runOnlyForDeploymentPostprocessing = 0;
		};
/* End PBXSourcesBuildPhase section */

/* Begin PBXVariantGroup section */
		A2A77EC02530B91100013E44 /* Localizable.strings */ = {
			isa = PBXVariantGroup;
			children = (
				A2A77EBF2530B91100013E44 /* en */,
				A2A77EC12530B92000013E44 /* ru */,
				A2A77ECC2530E9F400013E44 /* uk */,
			);
			name = Localizable.strings;
			sourceTree = "<group>";
		};
/* End PBXVariantGroup section */

/* Begin XCBuildConfiguration section */
		74B79264202B3254006BCB41 /* Debug */ = {
			isa = XCBuildConfiguration;
			buildSettings = {
				ALWAYS_SEARCH_USER_PATHS = NO;
				CLANG_ANALYZER_NONNULL = YES;
				CLANG_ANALYZER_NUMBER_OBJECT_CONVERSION = YES_AGGRESSIVE;
				CLANG_CXX_LANGUAGE_STANDARD = "gnu++14";
				CLANG_CXX_LIBRARY = "libc++";
				CLANG_ENABLE_MODULES = YES;
				CLANG_ENABLE_OBJC_ARC = YES;
				CLANG_WARN_BLOCK_CAPTURE_AUTORELEASING = YES;
				CLANG_WARN_BOOL_CONVERSION = YES;
				CLANG_WARN_COMMA = YES;
				CLANG_WARN_CONSTANT_CONVERSION = YES;
				CLANG_WARN_DEPRECATED_OBJC_IMPLEMENTATIONS = YES;
				CLANG_WARN_DIRECT_OBJC_ISA_USAGE = YES_ERROR;
				CLANG_WARN_DOCUMENTATION_COMMENTS = YES;
				CLANG_WARN_EMPTY_BODY = YES;
				CLANG_WARN_ENUM_CONVERSION = YES;
				CLANG_WARN_INFINITE_RECURSION = YES;
				CLANG_WARN_INT_CONVERSION = YES;
				CLANG_WARN_NON_LITERAL_NULL_CONVERSION = YES;
				CLANG_WARN_OBJC_IMPLICIT_RETAIN_SELF = YES;
				CLANG_WARN_OBJC_LITERAL_CONVERSION = YES;
				CLANG_WARN_OBJC_ROOT_CLASS = YES_ERROR;
				CLANG_WARN_QUOTED_INCLUDE_IN_FRAMEWORK_HEADER = YES;
				CLANG_WARN_RANGE_LOOP_ANALYSIS = YES;
				CLANG_WARN_STRICT_PROTOTYPES = YES;
				CLANG_WARN_SUSPICIOUS_MOVE = YES;
				CLANG_WARN_UNGUARDED_AVAILABILITY = YES_AGGRESSIVE;
				CLANG_WARN_UNREACHABLE_CODE = YES;
				CLANG_WARN__DUPLICATE_METHOD_MATCH = YES;
				CODE_SIGN_IDENTITY = "iPhone Developer";
				COPY_PHASE_STRIP = NO;
				DEBUG_INFORMATION_FORMAT = dwarf;
				ENABLE_STRICT_OBJC_MSGSEND = YES;
				ENABLE_TESTABILITY = YES;
				GCC_C_LANGUAGE_STANDARD = gnu11;
				GCC_DYNAMIC_NO_PIC = NO;
				GCC_NO_COMMON_BLOCKS = YES;
				GCC_OPTIMIZATION_LEVEL = 0;
				GCC_PREPROCESSOR_DEFINITIONS = (
					"DEBUG=1",
					"$(inherited)",
				);
				GCC_WARN_64_TO_32_BIT_CONVERSION = YES;
				GCC_WARN_ABOUT_RETURN_TYPE = YES_ERROR;
				GCC_WARN_UNDECLARED_SELECTOR = YES;
				GCC_WARN_UNINITIALIZED_AUTOS = YES_AGGRESSIVE;
				GCC_WARN_UNUSED_FUNCTION = YES;
				GCC_WARN_UNUSED_VARIABLE = YES;
				IPHONEOS_DEPLOYMENT_TARGET = 13.0;
				MTL_ENABLE_DEBUG_INFO = YES;
				ONLY_ACTIVE_ARCH = YES;
				SDKROOT = iphoneos;
				SWIFT_ACTIVE_COMPILATION_CONDITIONS = DEBUG;
				SWIFT_OPTIMIZATION_LEVEL = "-O";
			};
			name = Debug;
		};
		74B79265202B3254006BCB41 /* Release */ = {
			isa = XCBuildConfiguration;
			buildSettings = {
				ALWAYS_SEARCH_USER_PATHS = NO;
				CLANG_ANALYZER_NONNULL = YES;
				CLANG_ANALYZER_NUMBER_OBJECT_CONVERSION = YES_AGGRESSIVE;
				CLANG_CXX_LANGUAGE_STANDARD = "gnu++14";
				CLANG_CXX_LIBRARY = "libc++";
				CLANG_ENABLE_MODULES = YES;
				CLANG_ENABLE_OBJC_ARC = YES;
				CLANG_WARN_BLOCK_CAPTURE_AUTORELEASING = YES;
				CLANG_WARN_BOOL_CONVERSION = YES;
				CLANG_WARN_COMMA = YES;
				CLANG_WARN_CONSTANT_CONVERSION = YES;
				CLANG_WARN_DEPRECATED_OBJC_IMPLEMENTATIONS = YES;
				CLANG_WARN_DIRECT_OBJC_ISA_USAGE = YES_ERROR;
				CLANG_WARN_DOCUMENTATION_COMMENTS = YES;
				CLANG_WARN_EMPTY_BODY = YES;
				CLANG_WARN_ENUM_CONVERSION = YES;
				CLANG_WARN_INFINITE_RECURSION = YES;
				CLANG_WARN_INT_CONVERSION = YES;
				CLANG_WARN_NON_LITERAL_NULL_CONVERSION = YES;
				CLANG_WARN_OBJC_IMPLICIT_RETAIN_SELF = YES;
				CLANG_WARN_OBJC_LITERAL_CONVERSION = YES;
				CLANG_WARN_OBJC_ROOT_CLASS = YES_ERROR;
				CLANG_WARN_QUOTED_INCLUDE_IN_FRAMEWORK_HEADER = YES;
				CLANG_WARN_RANGE_LOOP_ANALYSIS = YES;
				CLANG_WARN_STRICT_PROTOTYPES = YES;
				CLANG_WARN_SUSPICIOUS_MOVE = YES;
				CLANG_WARN_UNGUARDED_AVAILABILITY = YES_AGGRESSIVE;
				CLANG_WARN_UNREACHABLE_CODE = YES;
				CLANG_WARN__DUPLICATE_METHOD_MATCH = YES;
				CODE_SIGN_IDENTITY = "iPhone Developer";
				COPY_PHASE_STRIP = NO;
				DEBUG_INFORMATION_FORMAT = "dwarf-with-dsym";
				ENABLE_NS_ASSERTIONS = NO;
				ENABLE_STRICT_OBJC_MSGSEND = YES;
				GCC_C_LANGUAGE_STANDARD = gnu11;
				GCC_NO_COMMON_BLOCKS = YES;
				GCC_WARN_64_TO_32_BIT_CONVERSION = YES;
				GCC_WARN_ABOUT_RETURN_TYPE = YES_ERROR;
				GCC_WARN_UNDECLARED_SELECTOR = YES;
				GCC_WARN_UNINITIALIZED_AUTOS = YES_AGGRESSIVE;
				GCC_WARN_UNUSED_FUNCTION = YES;
				GCC_WARN_UNUSED_VARIABLE = YES;
				IPHONEOS_DEPLOYMENT_TARGET = 13.0;
				MTL_ENABLE_DEBUG_INFO = NO;
				SDKROOT = iphoneos;
				SWIFT_ACTIVE_COMPILATION_CONDITIONS = "";
				SWIFT_COMPILATION_MODE = wholemodule;
				SWIFT_OPTIMIZATION_LEVEL = "-O";
				VALIDATE_PRODUCT = YES;
			};
			name = Release;
		};
		74B79267202B3254006BCB41 /* Debug */ = {
			isa = XCBuildConfiguration;
			baseConfigurationReference = E50C5865A5626BA7CCCB6C79 /* Pods-Course3FinalTask.debug.xcconfig */;
			buildSettings = {
				ALWAYS_EMBED_SWIFT_STANDARD_LIBRARIES = YES;
				ASSETCATALOG_COMPILER_APPICON_NAME = AppIcon;
				BUILD_LIBRARY_FOR_DISTRIBUTION = NO;
				CODE_SIGN_IDENTITY = "Apple Development";
				"CODE_SIGN_IDENTITY[sdk=iphoneos*]" = "iPhone Developer";
				CODE_SIGN_STYLE = Automatic;
				DEVELOPMENT_TEAM = GY47Z2W3K9;
				ENABLE_BITCODE = NO;
				FRAMEWORK_SEARCH_PATHS = (
					"$(inherited)",
					"$(PROJECT_DIR)",
				);
				INFOPLIST_FILE = "$(SRCROOT)/Course2FinalTask/Supporting Files/Info.plist";
				IPHONEOS_DEPLOYMENT_TARGET = 13.0;
				LD_RUNPATH_SEARCH_PATHS = (
					"$(inherited)",
					"@executable_path/Frameworks",
				);
				MARKETING_VERSION = 1.4;
				PRODUCT_BUNDLE_IDENTIFIER = bardincom.Course3FinalTask;
				PRODUCT_NAME = Course3FinalTask;
				PROVISIONING_PROFILE_SPECIFIER = "";
				SWIFT_VERSION = 5.0;
				TARGETED_DEVICE_FAMILY = 1;
			};
			name = Debug;
		};
		74B79268202B3254006BCB41 /* Release */ = {
			isa = XCBuildConfiguration;
			baseConfigurationReference = ED042831AEB5C0BF368FD68C /* Pods-Course3FinalTask.release.xcconfig */;
			buildSettings = {
				ALWAYS_EMBED_SWIFT_STANDARD_LIBRARIES = YES;
				ASSETCATALOG_COMPILER_APPICON_NAME = AppIcon;
				BUILD_LIBRARY_FOR_DISTRIBUTION = NO;
				CODE_SIGN_IDENTITY = "Apple Development";
				"CODE_SIGN_IDENTITY[sdk=iphoneos*]" = "iPhone Developer";
				CODE_SIGN_STYLE = Automatic;
				DEVELOPMENT_TEAM = GY47Z2W3K9;
				ENABLE_BITCODE = NO;
				FRAMEWORK_SEARCH_PATHS = (
					"$(inherited)",
					"$(PROJECT_DIR)",
				);
				INFOPLIST_FILE = "$(SRCROOT)/Course2FinalTask/Supporting Files/Info.plist";
				IPHONEOS_DEPLOYMENT_TARGET = 13.0;
				LD_RUNPATH_SEARCH_PATHS = (
					"$(inherited)",
					"@executable_path/Frameworks",
				);
				MARKETING_VERSION = 1.4;
				PRODUCT_BUNDLE_IDENTIFIER = bardincom.Course3FinalTask;
				PRODUCT_NAME = Course3FinalTask;
				PROVISIONING_PROFILE_SPECIFIER = "";
				SWIFT_VERSION = 5.0;
				TARGETED_DEVICE_FAMILY = 1;
			};
			name = Release;
		};
/* End XCBuildConfiguration section */

/* Begin XCConfigurationList section */
		74B7924F202B3254006BCB41 /* Build configuration list for PBXProject "Course3FinalTask" */ = {
			isa = XCConfigurationList;
			buildConfigurations = (
				74B79264202B3254006BCB41 /* Debug */,
				74B79265202B3254006BCB41 /* Release */,
			);
			defaultConfigurationIsVisible = 0;
			defaultConfigurationName = Release;
		};
		74B79266202B3254006BCB41 /* Build configuration list for PBXNativeTarget "Course3FinalTask" */ = {
			isa = XCConfigurationList;
			buildConfigurations = (
				74B79267202B3254006BCB41 /* Debug */,
				74B79268202B3254006BCB41 /* Release */,
			);
			defaultConfigurationIsVisible = 0;
			defaultConfigurationName = Release;
		};
/* End XCConfigurationList section */

/* Begin XCVersionGroup section */
		A2EA2D7025167BB80019190C /* DataBase.xcdatamodeld */ = {
			isa = XCVersionGroup;
			children = (
				A2EA2D7125167BB80019190C /* DataBase.xcdatamodel */,
			);
			currentVersion = A2EA2D7125167BB80019190C /* DataBase.xcdatamodel */;
			path = DataBase.xcdatamodeld;
			sourceTree = "<group>";
			versionGroupType = wrapper.xcdatamodel;
		};
/* End XCVersionGroup section */
	};
	rootObject = 74B7924C202B3254006BCB41 /* Project object */;
}
